
Microsoft Visual Studio Solution File, Format Version 12.00
# Visual Studio Version 17
VisualStudioVersion = 17.6.33829.357
MinimumVisualStudioVersion = 10.0.40219.1
Project("{FAE04EC0-301F-11D3-BF4B-00C04F79EFBC}") = "WebAPICQRSMediatR", "WebAPICQRSMediatR\WebAPICQRSMediatR.csproj", "{3141B5EB-206F-49F1-BBBD-258714A369BE}"
EndProject
Global
	GlobalSection(SolutionConfigurationPlatforms) = preSolution
		Debug|Any CPU = Debug|Any CPU
		Release|Any CPU = Release|Any CPU
	EndGlobalSection
	GlobalSection(ProjectConfigurationPlatforms) = postSolution
		{3141B5EB-206F-49F1-BBBD-258714A369BE}.Debug|Any CPU.ActiveCfg = Debug|Any CPU
		{3141B5EB-206F-49F1-BBBD-258714A369BE}.Debug|Any CPU.Build.0 = Debug|Any CPU
		{3141B5EB-206F-49F1-BBBD-258714A369BE}.Release|Any CPU.ActiveCfg = Release|Any CPU
		{3141B5EB-206F-49F1-BBBD-258714A369BE}.Release|Any CPU.Build.0 = Release|Any CPU
	EndGlobalSection
	GlobalSection(SolutionProperties) = preSolution
		HideSolutionNode = FALSE
	EndGlobalSection
	GlobalSection(ExtensibilityGlobals) = postSolution
		SolutionGuid = {C7ABBD88-CA57-4BD0-8209-72418FF24EDB}
	EndGlobalSection
EndGlobal
